
Microsoft Visual Studio Solution File, Format Version 12.00
# Visual Studio Version 16
VisualStudioVersion = 16.0.30523.141
MinimumVisualStudioVersion = 10.0.40219.1
Project("{FAE04EC0-301F-11D3-BF4B-00C04F79EFBC}") = "IE.Prog1.Demo", "IE.Prog1.Demo\IE.Prog1.Demo.csproj", "{D161B65C-2A61-4D53-88A8-28D7ADAEB82D}"
EndProject
Project("{FAE04EC0-301F-11D3-BF4B-00C04F79EFBC}") = "IE.Prog1.Masina", "IE.Prog1.Masina\IE.Prog1.Masina.csproj", "{0BF48724-37BA-400C-90C0-ACD555114DAA}"
EndProject
Project("{FAE04EC0-301F-11D3-BF4B-00C04F79EFBC}") = "IE.Prog1.Nota", "IE.Prog1.Nota\IE.Prog1.Nota.csproj", "{310D2A32-49F7-4159-BFFC-7BC4AB22FA20}"
EndProject
Project("{FAE04EC0-301F-11D3-BF4B-00C04F79EFBC}") = "IE.Prog1.Calculator", "IE.Prog1.Calculator\IE.Prog1.Calculator.csproj", "{5D061F58-02BA-4FC9-9FA0-A79538E6324E}"
EndProject
Project("{FAE04EC0-301F-11D3-BF4B-00C04F79EFBC}") = "IE.Prog1.RugbyCup", "IE.Prog1.RugbyCup\IE.Prog1.RugbyCup.csproj", "{822A1B29-3639-4FC1-9F12-CFE9BA27C3C3}"
EndProject
Project("{FAE04EC0-301F-11D3-BF4B-00C04F79EFBC}") = "IE.Prog1.MedieNumerePare", "IE.Prog1.MedieNumerePare\IE.Prog1.MedieNumerePare.csproj", "{EE8157FE-23A3-4ACE-A179-5635F76FC749}"
EndProject
Project("{FAE04EC0-301F-11D3-BF4B-00C04F79EFBC}") = "IE.Prog1.CursSchimb", "IE.Prog1.CursSchimb\IE.Prog1.CursSchimb.csproj", "{5E7AE5CA-5835-4268-81F3-7C38F022354F}"
EndProject
Project("{FAE04EC0-301F-11D3-BF4B-00C04F79EFBC}") = "IE.Prog1.CursSchimbV2", "IE.Prog1.CursSchimbV2\IE.Prog1.CursSchimbV2.csproj", "{92208C5A-F7BA-40DD-A5C5-50D7C1A34BD0}"
EndProject
Project("{FAE04EC0-301F-11D3-BF4B-00C04F79EFBC}") = "IE.Prog1.Util", "IE.Prog1.Util\IE.Prog1.Util.csproj", "{12CB248E-9A31-4971-952B-7A13C4F66226}"
EndProject
Project("{FAE04EC0-301F-11D3-BF4B-00C04F79EFBC}") = "IE.Prog1.MasinaV2", "IE.Prog1.MasinaV2\IE.Prog1.MasinaV2.csproj", "{9D468A88-84F4-47F3-A6EA-58741D591330}"
EndProject
Project("{FAE04EC0-301F-11D3-BF4B-00C04F79EFBC}") = "IE.Prog1.EqGrad2", "IE.Prog1.EqGrad2\IE.Prog1.EqGrad2.csproj", "{1035ECF1-740A-4FBC-825A-267BBAF07750}"
EndProject
Project("{FAE04EC0-301F-11D3-BF4B-00C04F79EFBC}") = "IE.Prog1.ListaNume", "IE.Prog1.ListaNume\IE.Prog1.ListaNume.csproj", "{9CD924FD-5DFB-4AE7-8BCE-025980FD12E3}"
EndProject
Project("{FAE04EC0-301F-11D3-BF4B-00C04F79EFBC}") = "IE.Prog1.Albume", "IE.Prog1.Albume\IE.Prog1.Albume.csproj", "{8934B6AE-A509-4EFC-B9C3-B6DAF1B46831}"
EndProject
Global
	GlobalSection(SolutionConfigurationPlatforms) = preSolution
		Debug|Any CPU = Debug|Any CPU
		Release|Any CPU = Release|Any CPU
	EndGlobalSection
	GlobalSection(ProjectConfigurationPlatforms) = postSolution
		{D161B65C-2A61-4D53-88A8-28D7ADAEB82D}.Debug|Any CPU.ActiveCfg = Debug|Any CPU
		{D161B65C-2A61-4D53-88A8-28D7ADAEB82D}.Debug|Any CPU.Build.0 = Debug|Any CPU
		{D161B65C-2A61-4D53-88A8-28D7ADAEB82D}.Release|Any CPU.ActiveCfg = Release|Any CPU
		{D161B65C-2A61-4D53-88A8-28D7ADAEB82D}.Release|Any CPU.Build.0 = Release|Any CPU
		{0BF48724-37BA-400C-90C0-ACD555114DAA}.Debug|Any CPU.ActiveCfg = Debug|Any CPU
		{0BF48724-37BA-400C-90C0-ACD555114DAA}.Debug|Any CPU.Build.0 = Debug|Any CPU
		{0BF48724-37BA-400C-90C0-ACD555114DAA}.Release|Any CPU.ActiveCfg = Release|Any CPU
		{0BF48724-37BA-400C-90C0-ACD555114DAA}.Release|Any CPU.Build.0 = Release|Any CPU
		{310D2A32-49F7-4159-BFFC-7BC4AB22FA20}.Debug|Any CPU.ActiveCfg = Debug|Any CPU
		{310D2A32-49F7-4159-BFFC-7BC4AB22FA20}.Debug|Any CPU.Build.0 = Debug|Any CPU
		{310D2A32-49F7-4159-BFFC-7BC4AB22FA20}.Release|Any CPU.ActiveCfg = Release|Any CPU
		{310D2A32-49F7-4159-BFFC-7BC4AB22FA20}.Release|Any CPU.Build.0 = Release|Any CPU
		{5D061F58-02BA-4FC9-9FA0-A79538E6324E}.Debug|Any CPU.ActiveCfg = Debug|Any CPU
		{5D061F58-02BA-4FC9-9FA0-A79538E6324E}.Debug|Any CPU.Build.0 = Debug|Any CPU
		{5D061F58-02BA-4FC9-9FA0-A79538E6324E}.Release|Any CPU.ActiveCfg = Release|Any CPU
		{5D061F58-02BA-4FC9-9FA0-A79538E6324E}.Release|Any CPU.Build.0 = Release|Any CPU
		{822A1B29-3639-4FC1-9F12-CFE9BA27C3C3}.Debug|Any CPU.ActiveCfg = Debug|Any CPU
		{822A1B29-3639-4FC1-9F12-CFE9BA27C3C3}.Debug|Any CPU.Build.0 = Debug|Any CPU
		{822A1B29-3639-4FC1-9F12-CFE9BA27C3C3}.Release|Any CPU.ActiveCfg = Release|Any CPU
		{822A1B29-3639-4FC1-9F12-CFE9BA27C3C3}.Release|Any CPU.Build.0 = Release|Any CPU
		{EE8157FE-23A3-4ACE-A179-5635F76FC749}.Debug|Any CPU.ActiveCfg = Debug|Any CPU
		{EE8157FE-23A3-4ACE-A179-5635F76FC749}.Debug|Any CPU.Build.0 = Debug|Any CPU
		{EE8157FE-23A3-4ACE-A179-5635F76FC749}.Release|Any CPU.ActiveCfg = Release|Any CPU
		{EE8157FE-23A3-4ACE-A179-5635F76FC749}.Release|Any CPU.Build.0 = Release|Any CPU
		{5E7AE5CA-5835-4268-81F3-7C38F022354F}.Debug|Any CPU.ActiveCfg = Debug|Any CPU
		{5E7AE5CA-5835-4268-81F3-7C38F022354F}.Debug|Any CPU.Build.0 = Debug|Any CPU
		{5E7AE5CA-5835-4268-81F3-7C38F022354F}.Release|Any CPU.ActiveCfg = Release|Any CPU
		{5E7AE5CA-5835-4268-81F3-7C38F022354F}.Release|Any CPU.Build.0 = Release|Any CPU
		{92208C5A-F7BA-40DD-A5C5-50D7C1A34BD0}.Debug|Any CPU.ActiveCfg = Debug|Any CPU
		{92208C5A-F7BA-40DD-A5C5-50D7C1A34BD0}.Debug|Any CPU.Build.0 = Debug|Any CPU
		{92208C5A-F7BA-40DD-A5C5-50D7C1A34BD0}.Release|Any CPU.ActiveCfg = Release|Any CPU
		{92208C5A-F7BA-40DD-A5C5-50D7C1A34BD0}.Release|Any CPU.Build.0 = Release|Any CPU
		{12CB248E-9A31-4971-952B-7A13C4F66226}.Debug|Any CPU.ActiveCfg = Debug|Any CPU
		{12CB248E-9A31-4971-952B-7A13C4F66226}.Debug|Any CPU.Build.0 = Debug|Any CPU
		{12CB248E-9A31-4971-952B-7A13C4F66226}.Release|Any CPU.ActiveCfg = Release|Any CPU
		{12CB248E-9A31-4971-952B-7A13C4F66226}.Release|Any CPU.Build.0 = Release|Any CPU
		{9D468A88-84F4-47F3-A6EA-58741D591330}.Debug|Any CPU.ActiveCfg = Debug|Any CPU
		{9D468A88-84F4-47F3-A6EA-58741D591330}.Debug|Any CPU.Build.0 = Debug|Any CPU
		{9D468A88-84F4-47F3-A6EA-58741D591330}.Release|Any CPU.ActiveCfg = Release|Any CPU
		{9D468A88-84F4-47F3-A6EA-58741D591330}.Release|Any CPU.Build.0 = Release|Any CPU
		{1035ECF1-740A-4FBC-825A-267BBAF07750}.Debug|Any CPU.ActiveCfg = Debug|Any CPU
		{1035ECF1-740A-4FBC-825A-267BBAF07750}.Debug|Any CPU.Build.0 = Debug|Any CPU
		{1035ECF1-740A-4FBC-825A-267BBAF07750}.Release|Any CPU.ActiveCfg = Release|Any CPU
		{1035ECF1-740A-4FBC-825A-267BBAF07750}.Release|Any CPU.Build.0 = Release|Any CPU
		{9CD924FD-5DFB-4AE7-8BCE-025980FD12E3}.Debug|Any CPU.ActiveCfg = Debug|Any CPU
		{9CD924FD-5DFB-4AE7-8BCE-025980FD12E3}.Debug|Any CPU.Build.0 = Debug|Any CPU
		{9CD924FD-5DFB-4AE7-8BCE-025980FD12E3}.Release|Any CPU.ActiveCfg = Release|Any CPU
		{9CD924FD-5DFB-4AE7-8BCE-025980FD12E3}.Release|Any CPU.Build.0 = Release|Any CPU
		{8934B6AE-A509-4EFC-B9C3-B6DAF1B46831}.Debug|Any CPU.ActiveCfg = Debug|Any CPU
		{8934B6AE-A509-4EFC-B9C3-B6DAF1B46831}.Debug|Any CPU.Build.0 = Debug|Any CPU
		{8934B6AE-A509-4EFC-B9C3-B6DAF1B46831}.Release|Any CPU.ActiveCfg = Release|Any CPU
		{8934B6AE-A509-4EFC-B9C3-B6DAF1B46831}.Release|Any CPU.Build.0 = Release|Any CPU
	EndGlobalSection
	GlobalSection(SolutionProperties) = preSolution
		HideSolutionNode = FALSE
	EndGlobalSection
	GlobalSection(ExtensibilityGlobals) = postSolution
		SolutionGuid = {9272D50D-1136-4C2C-AB6B-955B77C3B932}
	EndGlobalSection
EndGlobal
