
Microsoft Visual Studio Solution File, Format Version 12.00
# Visual Studio Version 16
VisualStudioVersion = 16.0.30523.141
MinimumVisualStudioVersion = 10.0.40219.1
Project("{FAE04EC0-301F-11D3-BF4B-00C04F79EFBC}") = "IE.Prog1.Demo", "IE.Prog1.Demo\IE.Prog1.Demo.csproj", "{D161B65C-2A61-4D53-88A8-28D7ADAEB82D}"
EndProject
Project("{FAE04EC0-301F-11D3-BF4B-00C04F79EFBC}") = "IE.Prog1.Masina", "IE.Prog1.Masina\IE.Prog1.Masina.csproj", "{0BF48724-37BA-400C-90C0-ACD555114DAA}"
EndProject
Project("{FAE04EC0-301F-11D3-BF4B-00C04F79EFBC}") = "IE.Prog1.Nota", "IE.Prog1.Nota\IE.Prog1.Nota.csproj", "{310D2A32-49F7-4159-BFFC-7BC4AB22FA20}"
EndProject
Project("{FAE04EC0-301F-11D3-BF4B-00C04F79EFBC}") = "IE.Prog1.Calculator", "IE.Prog1.Calculator\IE.Prog1.Calculator.csproj", "{5D061F58-02BA-4FC9-9FA0-A79538E6324E}"
EndProject
Project("{FAE04EC0-301F-11D3-BF4B-00C04F79EFBC}") = "IE.Prog1.RugbyCup", "IE.Prog1.RugbyCup\IE.Prog1.RugbyCup.csproj", "{822A1B29-3639-4FC1-9F12-CFE9BA27C3C3}"
EndProject
Global
	GlobalSection(SolutionConfigurationPlatforms) = preSolution
		Debug|Any CPU = Debug|Any CPU
		Release|Any CPU = Release|Any CPU
	EndGlobalSection
	GlobalSection(ProjectConfigurationPlatforms) = postSolution
		{D161B65C-2A61-4D53-88A8-28D7ADAEB82D}.Debug|Any CPU.ActiveCfg = Debug|Any CPU
		{D161B65C-2A61-4D53-88A8-28D7ADAEB82D}.Debug|Any CPU.Build.0 = Debug|Any CPU
		{D161B65C-2A61-4D53-88A8-28D7ADAEB82D}.Release|Any CPU.ActiveCfg = Release|Any CPU
		{D161B65C-2A61-4D53-88A8-28D7ADAEB82D}.Release|Any CPU.Build.0 = Release|Any CPU
		{0BF48724-37BA-400C-90C0-ACD555114DAA}.Debug|Any CPU.ActiveCfg = Debug|Any CPU
		{0BF48724-37BA-400C-90C0-ACD555114DAA}.Debug|Any CPU.Build.0 = Debug|Any CPU
		{0BF48724-37BA-400C-90C0-ACD555114DAA}.Release|Any CPU.ActiveCfg = Release|Any CPU
		{0BF48724-37BA-400C-90C0-ACD555114DAA}.Release|Any CPU.Build.0 = Release|Any CPU
		{310D2A32-49F7-4159-BFFC-7BC4AB22FA20}.Debug|Any CPU.ActiveCfg = Debug|Any CPU
		{310D2A32-49F7-4159-BFFC-7BC4AB22FA20}.Debug|Any CPU.Build.0 = Debug|Any CPU
		{310D2A32-49F7-4159-BFFC-7BC4AB22FA20}.Release|Any CPU.ActiveCfg = Release|Any CPU
		{310D2A32-49F7-4159-BFFC-7BC4AB22FA20}.Release|Any CPU.Build.0 = Release|Any CPU
		{5D061F58-02BA-4FC9-9FA0-A79538E6324E}.Debug|Any CPU.ActiveCfg = Debug|Any CPU
		{5D061F58-02BA-4FC9-9FA0-A79538E6324E}.Debug|Any CPU.Build.0 = Debug|Any CPU
		{5D061F58-02BA-4FC9-9FA0-A79538E6324E}.Release|Any CPU.ActiveCfg = Release|Any CPU
		{5D061F58-02BA-4FC9-9FA0-A79538E6324E}.Release|Any CPU.Build.0 = Release|Any CPU
		{822A1B29-3639-4FC1-9F12-CFE9BA27C3C3}.Debug|Any CPU.ActiveCfg = Debug|Any CPU
		{822A1B29-3639-4FC1-9F12-CFE9BA27C3C3}.Debug|Any CPU.Build.0 = Debug|Any CPU
		{822A1B29-3639-4FC1-9F12-CFE9BA27C3C3}.Release|Any CPU.ActiveCfg = Release|Any CPU
		{822A1B29-3639-4FC1-9F12-CFE9BA27C3C3}.Release|Any CPU.Build.0 = Release|Any CPU
	EndGlobalSection
	GlobalSection(SolutionProperties) = preSolution
		HideSolutionNode = FALSE
	EndGlobalSection
	GlobalSection(ExtensibilityGlobals) = postSolution
		SolutionGuid = {9272D50D-1136-4C2C-AB6B-955B77C3B932}
	EndGlobalSection
EndGlobal
